// !$*UTF8*$!
{
	archiveVersion = 1;
	classes = {
	};
	objectVersion = 46;
	objects = {

/* Begin PBXBuildFile section */
		FA685D211B315E6900AD7703 /* SoundWaveComAir.h in CopyFiles */ = {isa = PBXBuildFile; fileRef = FA685D201B315E6900AD7703 /* SoundWaveComAir.h */; };
		FA685D231B315E6900AD7703 /* SoundWaveComAir.m in Sources */ = {isa = PBXBuildFile; fileRef = FA685D221B315E6900AD7703 /* SoundWaveComAir.m */; };
		FA685D291B315E6900AD7703 /* libSoundWaveComAir.a in Frameworks */ = {isa = PBXBuildFile; fileRef = FA685D1D1B315E6900AD7703 /* libSoundWaveComAir.a */; };
		FA685D3D1B3160D900AD7703 /* libComAirLibrary_V1.1.1.a in Frameworks */ = {isa = PBXBuildFile; fileRef = FA685D3C1B3160D900AD7703 /* libComAirLibrary_V1.1.1.a */; };
/* End PBXBuildFile section */

/* Begin PBXContainerItemProxy section */
		FA685D2A1B315E6900AD7703 /* PBXContainerItemProxy */ = {
			isa = PBXContainerItemProxy;
			containerPortal = FA685D151B315E6900AD7703 /* Project object */;
			proxyType = 1;
			remoteGlobalIDString = FA685D1C1B315E6900AD7703;
			remoteInfo = SoundWaveComAir;
		};
/* End PBXContainerItemProxy section */

/* Begin PBXCopyFilesBuildPhase section */
		FA685D1B1B315E6900AD7703 /* CopyFiles */ = {
			isa = PBXCopyFilesBuildPhase;
			buildActionMask = 2147483647;
			dstPath = "include/$(PRODUCT_NAME)";
			dstSubfolderSpec = 16;
			files = (
				FA685D211B315E6900AD7703 /* SoundWaveComAir.h in CopyFiles */,
			);
			runOnlyForDeploymentPostprocessing = 0;
		};
/* End PBXCopyFilesBuildPhase section */

/* Begin PBXFileReference section */
		FA685D1D1B315E6900AD7703 /* libSoundWaveComAir.a */ = {isa = PBXFileReference; explicitFileType = archive.ar; includeInIndex = 0; path = libSoundWaveComAir.a; sourceTree = BUILT_PRODUCTS_DIR; };
		FA685D201B315E6900AD7703 /* SoundWaveComAir.h */ = {isa = PBXFileReference; lastKnownFileType = sourcecode.c.h; path = SoundWaveComAir.h; sourceTree = "<group>"; };
		FA685D221B315E6900AD7703 /* SoundWaveComAir.m */ = {isa = PBXFileReference; lastKnownFileType = sourcecode.c.objc; path = SoundWaveComAir.m; sourceTree = "<group>"; };
		FA685D281B315E6900AD7703 /* SoundWaveComAirTests.xctest */ = {isa = PBXFileReference; explicitFileType = wrapper.cfbundle; includeInIndex = 0; path = SoundWaveComAirTests.xctest; sourceTree = BUILT_PRODUCTS_DIR; };
		FA685D2E1B315E6900AD7703 /* Info.plist */ = {isa = PBXFileReference; lastKnownFileType = text.plist.xml; path = Info.plist; sourceTree = "<group>"; };
		FA685D3A1B3160D900AD7703 /* ComAirAPI_V1.1.1.h */ = {isa = PBXFileReference; fileEncoding = 4; lastKnownFileType = sourcecode.c.h; path = ComAirAPI_V1.1.1.h; sourceTree = "<group>"; };
		FA685D3C1B3160D900AD7703 /* libComAirLibrary_V1.1.1.a */ = {isa = PBXFileReference; lastKnownFileType = archive.ar; path = libComAirLibrary_V1.1.1.a; sourceTree = "<group>"; };
/* End PBXFileReference section */

/* Begin PBXFrameworksBuildPhase section */
		FA685D1A1B315E6900AD7703 /* Frameworks */ = {
			isa = PBXFrameworksBuildPhase;
			buildActionMask = 2147483647;
			files = (
				FA685D3D1B3160D900AD7703 /* libComAirLibrary_V1.1.1.a in Frameworks */,
			);
			runOnlyForDeploymentPostprocessing = 0;
		};
		FA685D251B315E6900AD7703 /* Frameworks */ = {
			isa = PBXFrameworksBuildPhase;
			buildActionMask = 2147483647;
			files = (
				FA685D291B315E6900AD7703 /* libSoundWaveComAir.a in Frameworks */,
			);
			runOnlyForDeploymentPostprocessing = 0;
		};
/* End PBXFrameworksBuildPhase section */

/* Begin PBXGroup section */
		FA685D141B315E6900AD7703 = {
			isa = PBXGroup;
			children = (
				FA685D1F1B315E6900AD7703 /* SoundWaveComAir */,
				FA685D2C1B315E6900AD7703 /* SoundWaveComAirTests */,
				FA685D1E1B315E6900AD7703 /* Products */,
			);
			sourceTree = "<group>";
		};
		FA685D1E1B315E6900AD7703 /* Products */ = {
			isa = PBXGroup;
			children = (
				FA685D1D1B315E6900AD7703 /* libSoundWaveComAir.a */,
				FA685D281B315E6900AD7703 /* SoundWaveComAirTests.xctest */,
			);
			name = Products;
			sourceTree = "<group>";
		};
		FA685D1F1B315E6900AD7703 /* SoundWaveComAir */ = {
			isa = PBXGroup;
			children = (
				FA685D391B3160D900AD7703 /* Include */,
				FA685D3B1B3160D900AD7703 /* Lib */,
				FA685D201B315E6900AD7703 /* SoundWaveComAir.h */,
				FA685D221B315E6900AD7703 /* SoundWaveComAir.m */,
			);
			path = SoundWaveComAir;
			sourceTree = "<group>";
		};
		FA685D2C1B315E6900AD7703 /* SoundWaveComAirTests */ = {
			isa = PBXGroup;
			children = (
				FA685D2D1B315E6900AD7703 /* Supporting Files */,
			);
			path = SoundWaveComAirTests;
			sourceTree = "<group>";
		};
		FA685D2D1B315E6900AD7703 /* Supporting Files */ = {
			isa = PBXGroup;
			children = (
				FA685D2E1B315E6900AD7703 /* Info.plist */,
			);
			name = "Supporting Files";
			sourceTree = "<group>";
		};
		FA685D391B3160D900AD7703 /* Include */ = {
			isa = PBXGroup;
			children = (
				FA685D3A1B3160D900AD7703 /* ComAirAPI_V1.1.1.h */,
			);
			path = Include;
			sourceTree = "<group>";
		};
		FA685D3B1B3160D900AD7703 /* Lib */ = {
			isa = PBXGroup;
			children = (
				FA685D3C1B3160D900AD7703 /* libComAirLibrary_V1.1.1.a */,
			);
			path = Lib;
			sourceTree = "<group>";
		};
/* End PBXGroup section */

/* Begin PBXNativeTarget section */
		FA685D1C1B315E6900AD7703 /* SoundWaveComAir */ = {
			isa = PBXNativeTarget;
			buildConfigurationList = FA685D311B315E6900AD7703 /* Build configuration list for PBXNativeTarget "SoundWaveComAir" */;
			buildPhases = (
				FA685D191B315E6900AD7703 /* Sources */,
				FA685D1A1B315E6900AD7703 /* Frameworks */,
				FA685D1B1B315E6900AD7703 /* CopyFiles */,
			);
			buildRules = (
			);
			dependencies = (
			);
			name = SoundWaveComAir;
			productName = SoundWaveComAir;
			productReference = FA685D1D1B315E6900AD7703 /* libSoundWaveComAir.a */;
			productType = "com.apple.product-type.library.static";
		};
		FA685D271B315E6900AD7703 /* SoundWaveComAirTests */ = {
			isa = PBXNativeTarget;
			buildConfigurationList = FA685D341B315E6900AD7703 /* Build configuration list for PBXNativeTarget "SoundWaveComAirTests" */;
			buildPhases = (
				FA685D241B315E6900AD7703 /* Sources */,
				FA685D251B315E6900AD7703 /* Frameworks */,
				FA685D261B315E6900AD7703 /* Resources */,
			);
			buildRules = (
			);
			dependencies = (
				FA685D2B1B315E6900AD7703 /* PBXTargetDependency */,
			);
			name = SoundWaveComAirTests;
			productName = SoundWaveComAirTests;
			productReference = FA685D281B315E6900AD7703 /* SoundWaveComAirTests.xctest */;
			productType = "com.apple.product-type.bundle.unit-test";
		};
/* End PBXNativeTarget section */

/* Begin PBXProject section */
		FA685D151B315E6900AD7703 /* Project object */ = {
			isa = PBXProject;
			attributes = {
				LastUpgradeCheck = 0630;
				ORGANIZATIONNAME = readboy;
				TargetAttributes = {
					FA685D1C1B315E6900AD7703 = {
						CreatedOnToolsVersion = 6.3.2;
					};
					FA685D271B315E6900AD7703 = {
						CreatedOnToolsVersion = 6.3.2;
					};
				};
			};
			buildConfigurationList = FA685D181B315E6900AD7703 /* Build configuration list for PBXProject "SoundWaveComAir" */;
			compatibilityVersion = "Xcode 3.2";
			developmentRegion = English;
			hasScannedForEncodings = 0;
			knownRegions = (
				en,
			);
			mainGroup = FA685D141B315E6900AD7703;
			productRefGroup = FA685D1E1B315E6900AD7703 /* Products */;
			projectDirPath = "";
			projectRoot = "";
			targets = (
				FA685D1C1B315E6900AD7703 /* SoundWaveComAir */,
				FA685D271B315E6900AD7703 /* SoundWaveComAirTests */,
			);
		};
/* End PBXProject section */

/* Begin PBXResourcesBuildPhase section */
		FA685D261B315E6900AD7703 /* Resources */ = {
			isa = PBXResourcesBuildPhase;
			buildActionMask = 2147483647;
			files = (
			);
			runOnlyForDeploymentPostprocessing = 0;
		};
/* End PBXResourcesBuildPhase section */

/* Begin PBXSourcesBuildPhase section */
		FA685D191B315E6900AD7703 /* Sources */ = {
			isa = PBXSourcesBuildPhase;
			buildActionMask = 2147483647;
			files = (
				FA685D231B315E6900AD7703 /* SoundWaveComAir.m in Sources */,
			);
			runOnlyForDeploymentPostprocessing = 0;
		};
		FA685D241B315E6900AD7703 /* Sources */ = {
			isa = PBXSourcesBuildPhase;
			buildActionMask = 2147483647;
			files = (
			);
			runOnlyForDeploymentPostprocessing = 0;
		};
/* End PBXSourcesBuildPhase section */

/* Begin PBXTargetDependency section */
		FA685D2B1B315E6900AD7703 /* PBXTargetDependency */ = {
			isa = PBXTargetDependency;
			target = FA685D1C1B315E6900AD7703 /* SoundWaveComAir */;
			targetProxy = FA685D2A1B315E6900AD7703 /* PBXContainerItemProxy */;
		};
/* End PBXTargetDependency section */

/* Begin XCBuildConfiguration section */
		FA685D2F1B315E6900AD7703 /* Debug */ = {
			isa = XCBuildConfiguration;
			buildSettings = {
				ALWAYS_SEARCH_USER_PATHS = NO;
				CLANG_CXX_LANGUAGE_STANDARD = "gnu++0x";
				CLANG_CXX_LIBRARY = "libc++";
				CLANG_ENABLE_MODULES = YES;
				CLANG_ENABLE_OBJC_ARC = YES;
				CLANG_WARN_BOOL_CONVERSION = YES;
				CLANG_WARN_CONSTANT_CONVERSION = YES;
				CLANG_WARN_DIRECT_OBJC_ISA_USAGE = YES_ERROR;
				CLANG_WARN_EMPTY_BODY = YES;
				CLANG_WARN_ENUM_CONVERSION = YES;
				CLANG_WARN_INT_CONVERSION = YES;
				CLANG_WARN_OBJC_ROOT_CLASS = YES_ERROR;
				CLANG_WARN_UNREACHABLE_CODE = YES;
				CLANG_WARN__DUPLICATE_METHOD_MATCH = YES;
				COPY_PHASE_STRIP = NO;
				DEBUG_INFORMATION_FORMAT = "dwarf-with-dsym";
				ENABLE_STRICT_OBJC_MSGSEND = YES;
				GCC_C_LANGUAGE_STANDARD = gnu99;
				GCC_DYNAMIC_NO_PIC = NO;
				GCC_NO_COMMON_BLOCKS = YES;
				GCC_OPTIMIZATION_LEVEL = 0;
				GCC_PREPROCESSOR_DEFINITIONS = (
					"DEBUG=1",
					"$(inherited)",
				);
				GCC_SYMBOLS_PRIVATE_EXTERN = NO;
				GCC_WARN_64_TO_32_BIT_CONVERSION = YES;
				GCC_WARN_ABOUT_RETURN_TYPE = YES_ERROR;
				GCC_WARN_UNDECLARED_SELECTOR = YES;
				GCC_WARN_UNINITIALIZED_AUTOS = YES_AGGRESSIVE;
				GCC_WARN_UNUSED_FUNCTION = YES;
				GCC_WARN_UNUSED_VARIABLE = YES;
				IPHONEOS_DEPLOYMENT_TARGET = 8.3;
				MTL_ENABLE_DEBUG_INFO = YES;
				ONLY_ACTIVE_ARCH = YES;
				SDKROOT = iphoneos;
			};
			name = Debug;
		};
		FA685D301B315E6900AD7703 /* Release */ = {
			isa = XCBuildConfiguration;
			buildSettings = {
				ALWAYS_SEARCH_USER_PATHS = NO;
				CLANG_CXX_LANGUAGE_STANDARD = "gnu++0x";
				CLANG_CXX_LIBRARY = "libc++";
				CLANG_ENABLE_MODULES = YES;
				CLANG_ENABLE_OBJC_ARC = YES;
				CLANG_WARN_BOOL_CONVERSION = YES;
				CLANG_WARN_CONSTANT_CONVERSION = YES;
				CLANG_WARN_DIRECT_OBJC_ISA_USAGE = YES_ERROR;
				CLANG_WARN_EMPTY_BODY = YES;
				CLANG_WARN_ENUM_CONVERSION = YES;
				CLANG_WARN_INT_CONVERSION = YES;
				CLANG_WARN_OBJC_ROOT_CLASS = YES_ERROR;
				CLANG_WARN_UNREACHABLE_CODE = YES;
				CLANG_WARN__DUPLICATE_METHOD_MATCH = YES;
				COPY_PHASE_STRIP = NO;
				DEBUG_INFORMATION_FORMAT = "dwarf-with-dsym";
				ENABLE_NS_ASSERTIONS = NO;
				ENABLE_STRICT_OBJC_MSGSEND = YES;
				GCC_C_LANGUAGE_STANDARD = gnu99;
				GCC_NO_COMMON_BLOCKS = YES;
				GCC_WARN_64_TO_32_BIT_CONVERSION = YES;
				GCC_WARN_ABOUT_RETURN_TYPE = YES_ERROR;
				GCC_WARN_UNDECLARED_SELECTOR = YES;
				GCC_WARN_UNINITIALIZED_AUTOS = YES_AGGRESSIVE;
				GCC_WARN_UNUSED_FUNCTION = YES;
				GCC_WARN_UNUSED_VARIABLE = YES;
				IPHONEOS_DEPLOYMENT_TARGET = 8.3;
				MTL_ENABLE_DEBUG_INFO = NO;
				SDKROOT = iphoneos;
				VALIDATE_PRODUCT = YES;
			};
			name = Release;
		};
		FA685D321B315E6900AD7703 /* Debug */ = {
			isa = XCBuildConfiguration;
			buildSettings = {
				LIBRARY_SEARCH_PATHS = (
					"$(inherited)",
					"$(PROJECT_DIR)/SoundWaveComAir/Lib",
				);
				OTHER_LDFLAGS = (
					"-ObjC",
					"-lstdc++",
				);
				PRODUCT_NAME = "$(TARGET_NAME)";
				SKIP_INSTALL = YES;
				USER_HEADER_SEARCH_PATHS = "$(BUILT_PRODUCTS_DIR)/**";
			};
			name = Debug;
		};
		FA685D331B315E6900AD7703 /* Release */ = {
			isa = XCBuildConfiguration;
			buildSettings = {
				LIBRARY_SEARCH_PATHS = (
					"$(inherited)",
					"$(PROJECT_DIR)/SoundWaveComAir/Lib",
				);
				OTHER_LDFLAGS = (
					"-ObjC",
					"-lstdc++",
				);
				PRODUCT_NAME = "$(TARGET_NAME)";
				SKIP_INSTALL = YES;
				USER_HEADER_SEARCH_PATHS = "$(BUILT_PRODUCTS_DIR)/**";
			};
			name = Release;
		};
		FA685D351B315E6900AD7703 /* Debug */ = {
			isa = XCBuildConfiguration;
			buildSettings = {
				"CODE_SIGN_IDENTITY[sdk=iphoneos*]" = "iPhone Developer";
				FRAMEWORK_SEARCH_PATHS = (
					"$(SDKROOT)/Developer/Library/Frameworks",
					"$(inherited)",
				);
				GCC_PREPROCESSOR_DEFINITIONS = (
					"DEBUG=1",
					"$(inherited)",
				);
				INFOPLIST_FILE = SoundWaveComAirTests/Info.plist;
				LD_RUNPATH_SEARCH_PATHS = "$(inherited) @executable_path/Frameworks @loader_path/Frameworks";
				PRODUCT_NAME = "$(TARGET_NAME)";
			};
			name = Debug;
		};
		FA685D361B315E6900AD7703 /* Release */ = {
			isa = XCBuildConfiguration;
			buildSettings = {
				"CODE_SIGN_IDENTITY[sdk=iphoneos*]" = "iPhone Developer";
				FRAMEWORK_SEARCH_PATHS = (
					"$(SDKROOT)/Developer/Library/Frameworks",
					"$(inherited)",
				);
				INFOPLIST_FILE = SoundWaveComAirTests/Info.plist;
				LD_RUNPATH_SEARCH_PATHS = "$(inherited) @executable_path/Frameworks @loader_path/Frameworks";
				PRODUCT_NAME = "$(TARGET_NAME)";
			};
			name = Release;
		};
/* End XCBuildConfiguration section */

/* Begin XCConfigurationList section */
		FA685D181B315E6900AD7703 /* Build configuration list for PBXProject "SoundWaveComAir" */ = {
			isa = XCConfigurationList;
			buildConfigurations = (
				FA685D2F1B315E6900AD7703 /* Debug */,
				FA685D301B315E6900AD7703 /* Release */,
			);
			defaultConfigurationIsVisible = 0;
			defaultConfigurationName = Release;
		};
		FA685D311B315E6900AD7703 /* Build configuration list for PBXNativeTarget "SoundWaveComAir" */ = {
			isa = XCConfigurationList;
			buildConfigurations = (
				FA685D321B315E6900AD7703 /* Debug */,
				FA685D331B315E6900AD7703 /* Release */,
			);
			defaultConfigurationIsVisible = 0;
			defaultConfigurationName = Release;
		};
		FA685D341B315E6900AD7703 /* Build configuration list for PBXNativeTarget "SoundWaveComAirTests" */ = {
			isa = XCConfigurationList;
			buildConfigurations = (
				FA685D351B315E6900AD7703 /* Debug */,
				FA685D361B315E6900AD7703 /* Release */,
			);
			defaultConfigurationIsVisible = 0;
			defaultConfigurationName = Release;
		};
/* End XCConfigurationList section */
	};
	rootObject = FA685D151B315E6900AD7703 /* Project object */;
}
